
Microsoft Visual Studio Solution File, Format Version 12.00
# Visual Studio Version 16
VisualStudioVersion = 16.0.29326.143
MinimumVisualStudioVersion = 10.0.40219.1
Project("{FAE04EC0-301F-11D3-BF4B-00C04F79EFBC}") = "ProjectDB1", "ProjectDB1\ProjectDB1.csproj", "{1387B5E3-4686-469B-A1FD-7CEAA717FA0A}"
EndProject
Global
	GlobalSection(SolutionConfigurationPlatforms) = preSolution
		Debug|Any CPU = Debug|Any CPU
		Release|Any CPU = Release|Any CPU
	EndGlobalSection
	GlobalSection(ProjectConfigurationPlatforms) = postSolution
		{1387B5E3-4686-469B-A1FD-7CEAA717FA0A}.Debug|Any CPU.ActiveCfg = Debug|Any CPU
		{1387B5E3-4686-469B-A1FD-7CEAA717FA0A}.Debug|Any CPU.Build.0 = Debug|Any CPU
		{1387B5E3-4686-469B-A1FD-7CEAA717FA0A}.Release|Any CPU.ActiveCfg = Release|Any CPU
		{1387B5E3-4686-469B-A1FD-7CEAA717FA0A}.Release|Any CPU.Build.0 = Release|Any CPU
	EndGlobalSection
	GlobalSection(SolutionProperties) = preSolution
		HideSolutionNode = FALSE
	EndGlobalSection
	GlobalSection(ExtensibilityGlobals) = postSolution
		SolutionGuid = {3711DC67-DD71-45E8-8F8F-D3A576660F6B}
	EndGlobalSection
EndGlobal
